PODS:
  - Flutter (1.0.0)
  - native_ios_dialog (0.0.1):
    - Flutter

DEPENDENCIES:
  - Flutter (from `Flutter`)
  - native_ios_dialog (from `.symlinks/plugins/native_ios_dialog/ios`)

EXTERNAL SOURCES:
  Flutter:
    :path: Flutter
  native_ios_dialog:
    :path: ".symlinks/plugins/native_ios_dialog/ios"

SPEC CHECKSUMS:
  Flutter: f04841e97a9d0b0a8025694d0796dd46242b2854
  native_ios_dialog: a698a22b58c5b79f42b4fd2e22262797ce5a441f

PODFILE CHECKSUM: ef19549a9bc3046e7bb7d2fab4d021637c0c58a3

COCOAPODS: 1.11.3
